
Microsoft Visual Studio Solution File, Format Version 12.00
# Visual Studio 15
VisualStudioVersion = 15.0.28307.489
MinimumVisualStudioVersion = 10.0.40219.1
Project("{FAE04EC0-301F-11D3-BF4B-00C04F79EFBC}") = "FormulationEditor.WPF", "FormulationEditor.WPF\FormulationEditor.WPF.csproj", "{51584561-13ED-4C8B-B1D0-CAF0AA4E2101}"
EndProject
Project("{FAE04EC0-301F-11D3-BF4B-00C04F79EFBC}") = "FormulationEditor.DataAccess", "FormulationEditor.DataAccess\FormulationEditor.DataAccess.csproj", "{B0D8EFE8-597A-4676-A3E4-E1AC3002BFFE}"
EndProject
Project("{FAE04EC0-301F-11D3-BF4B-00C04F79EFBC}") = "FormulationEditor.Model", "FormulationEditor.Model\FormulationEditor.Model.csproj", "{786B0C6F-30E3-4706-97A2-ACF86FC00D1C}"
EndProject
Global
	GlobalSection(SolutionConfigurationPlatforms) = preSolution
		Debug|Any CPU = Debug|Any CPU
		Release|Any CPU = Release|Any CPU
	EndGlobalSection
	GlobalSection(ProjectConfigurationPlatforms) = postSolution
		{51584561-13ED-4C8B-B1D0-CAF0AA4E2101}.Debug|Any CPU.ActiveCfg = Debug|Any CPU
		{51584561-13ED-4C8B-B1D0-CAF0AA4E2101}.Debug|Any CPU.Build.0 = Debug|Any CPU
		{51584561-13ED-4C8B-B1D0-CAF0AA4E2101}.Release|Any CPU.ActiveCfg = Release|Any CPU
		{51584561-13ED-4C8B-B1D0-CAF0AA4E2101}.Release|Any CPU.Build.0 = Release|Any CPU
		{B0D8EFE8-597A-4676-A3E4-E1AC3002BFFE}.Debug|Any CPU.ActiveCfg = Debug|Any CPU
		{B0D8EFE8-597A-4676-A3E4-E1AC3002BFFE}.Debug|Any CPU.Build.0 = Debug|Any CPU
		{B0D8EFE8-597A-4676-A3E4-E1AC3002BFFE}.Release|Any CPU.ActiveCfg = Release|Any CPU
		{B0D8EFE8-597A-4676-A3E4-E1AC3002BFFE}.Release|Any CPU.Build.0 = Release|Any CPU
		{786B0C6F-30E3-4706-97A2-ACF86FC00D1C}.Debug|Any CPU.ActiveCfg = Debug|Any CPU
		{786B0C6F-30E3-4706-97A2-ACF86FC00D1C}.Debug|Any CPU.Build.0 = Debug|Any CPU
		{786B0C6F-30E3-4706-97A2-ACF86FC00D1C}.Release|Any CPU.ActiveCfg = Release|Any CPU
		{786B0C6F-30E3-4706-97A2-ACF86FC00D1C}.Release|Any CPU.Build.0 = Release|Any CPU
	EndGlobalSection
	GlobalSection(SolutionProperties) = preSolution
		HideSolutionNode = FALSE
	EndGlobalSection
	GlobalSection(ExtensibilityGlobals) = postSolution
		SolutionGuid = {9B8DBAF3-B1DE-496D-B0DF-9834D8A64366}
	EndGlobalSection
EndGlobal
